
Microsoft Visual Studio Solution File, Format Version 12.00
# Visual Studio Version 17
VisualStudioVersion = 17.10.34916.146
MinimumVisualStudioVersion = 10.0.40219.1
Project("{FAE04EC0-301F-11D3-BF4B-00C04F79EFBC}") = "Models", "Model\Models.csproj", "{94D5EA83-CCB5-49FD-AF03-FAF43F346FD9}"
EndProject
Project("{FAE04EC0-301F-11D3-BF4B-00C04F79EFBC}") = "DataAccess", "DataAccess\DataAccess.csproj", "{B30F9A7F-CF74-4D73-913E-E22922CD4EE5}"
EndProject
Project("{FAE04EC0-301F-11D3-BF4B-00C04F79EFBC}") = "ZirconEx", "ZirconEx\ZirconEx.csproj", "{A84889FC-5F17-45CF-9764-580CB4210CFA}"
EndProject
Global
	GlobalSection(SolutionConfigurationPlatforms) = preSolution
		Debug|Any CPU = Debug|Any CPU
		Release|Any CPU = Release|Any CPU
	EndGlobalSection
	GlobalSection(ProjectConfigurationPlatforms) = postSolution
		{94D5EA83-CCB5-49FD-AF03-FAF43F346FD9}.Debug|Any CPU.ActiveCfg = Debug|Any CPU
		{94D5EA83-CCB5-49FD-AF03-FAF43F346FD9}.Debug|Any CPU.Build.0 = Debug|Any CPU
		{94D5EA83-CCB5-49FD-AF03-FAF43F346FD9}.Release|Any CPU.ActiveCfg = Release|Any CPU
		{94D5EA83-CCB5-49FD-AF03-FAF43F346FD9}.Release|Any CPU.Build.0 = Release|Any CPU
		{B30F9A7F-CF74-4D73-913E-E22922CD4EE5}.Debug|Any CPU.ActiveCfg = Debug|Any CPU
		{B30F9A7F-CF74-4D73-913E-E22922CD4EE5}.Debug|Any CPU.Build.0 = Debug|Any CPU
		{B30F9A7F-CF74-4D73-913E-E22922CD4EE5}.Release|Any CPU.ActiveCfg = Release|Any CPU
		{B30F9A7F-CF74-4D73-913E-E22922CD4EE5}.Release|Any CPU.Build.0 = Release|Any CPU
		{A84889FC-5F17-45CF-9764-580CB4210CFA}.Debug|Any CPU.ActiveCfg = Debug|Any CPU
		{A84889FC-5F17-45CF-9764-580CB4210CFA}.Debug|Any CPU.Build.0 = Debug|Any CPU
		{A84889FC-5F17-45CF-9764-580CB4210CFA}.Release|Any CPU.ActiveCfg = Release|Any CPU
		{A84889FC-5F17-45CF-9764-580CB4210CFA}.Release|Any CPU.Build.0 = Release|Any CPU
	EndGlobalSection
	GlobalSection(SolutionProperties) = preSolution
		HideSolutionNode = FALSE
	EndGlobalSection
	GlobalSection(ExtensibilityGlobals) = postSolution
		SolutionGuid = {3331908B-FF0B-46BD-ABC1-C5504418334A}
	EndGlobalSection
EndGlobal
